
Microsoft Visual Studio Solution File, Format Version 12.00
# Visual Studio 15
VisualStudioVersion = 15.0.28307.757
MinimumVisualStudioVersion = 10.0.40219.1
Project("{FAE04EC0-301F-11D3-BF4B-00C04F79EFBC}") = "LabW06StudentGrades", "LabW06StudentGrades.csproj", "{4BD1336A-5C0D-4BEE-AE81-025CDF586805}"
EndProject
Global
	GlobalSection(SolutionConfigurationPlatforms) = preSolution
		Debug|Any CPU = Debug|Any CPU
		Release|Any CPU = Release|Any CPU
	EndGlobalSection
	GlobalSection(ProjectConfigurationPlatforms) = postSolution
		{4BD1336A-5C0D-4BEE-AE81-025CDF586805}.Debug|Any CPU.ActiveCfg = Debug|Any CPU
		{4BD1336A-5C0D-4BEE-AE81-025CDF586805}.Debug|Any CPU.Build.0 = Debug|Any CPU
		{4BD1336A-5C0D-4BEE-AE81-025CDF586805}.Release|Any CPU.ActiveCfg = Release|Any CPU
		{4BD1336A-5C0D-4BEE-AE81-025CDF586805}.Release|Any CPU.Build.0 = Release|Any CPU
	EndGlobalSection
	GlobalSection(SolutionProperties) = preSolution
		HideSolutionNode = FALSE
	EndGlobalSection
	GlobalSection(ExtensibilityGlobals) = postSolution
		SolutionGuid = {3B284D1D-CBEB-42ED-9BD2-C02849633D3D}
	EndGlobalSection
EndGlobal
